
Microsoft Visual Studio Solution File, Format Version 12.00
# Visual Studio 15
VisualStudioVersion = 15.0.27703.2018
MinimumVisualStudioVersion = 10.0.40219.1
Project("{FAE04EC0-301F-11D3-BF4B-00C04F79EFBC}") = "Monitoring_performance", "Monitoring_performance\Monitoring_performance.csproj", "{535D7CDB-472C-4560-979E-683BC5333EF1}"
EndProject
Global
	GlobalSection(SolutionConfigurationPlatforms) = preSolution
		Debug|Any CPU = Debug|Any CPU
		Release|Any CPU = Release|Any CPU
	EndGlobalSection
	GlobalSection(ProjectConfigurationPlatforms) = postSolution
		{535D7CDB-472C-4560-979E-683BC5333EF1}.Debug|Any CPU.ActiveCfg = Debug|Any CPU
		{535D7CDB-472C-4560-979E-683BC5333EF1}.Debug|Any CPU.Build.0 = Debug|Any CPU
		{535D7CDB-472C-4560-979E-683BC5333EF1}.Release|Any CPU.ActiveCfg = Release|Any CPU
		{535D7CDB-472C-4560-979E-683BC5333EF1}.Release|Any CPU.Build.0 = Release|Any CPU
	EndGlobalSection
	GlobalSection(SolutionProperties) = preSolution
		HideSolutionNode = FALSE
	EndGlobalSection
	GlobalSection(ExtensibilityGlobals) = postSolution
		SolutionGuid = {5B158EFC-C198-46F4-A78D-3169F95D57E4}
	EndGlobalSection
EndGlobal
